
Microsoft Visual Studio Solution File, Format Version 12.00
# Visual Studio Version 17
VisualStudioVersion = 17.11.35312.102
MinimumVisualStudioVersion = 10.0.40219.1
Project("{FAE04EC0-301F-11D3-BF4B-00C04F79EFBC}") = "AuthorizationManager", "AuthorizationManager.csproj", "{F2562E63-3248-472C-8F22-F854156542B5}"
EndProject
Project("{54435603-DBB4-11D2-8724-00A0C9A8B90C}") = "AuthorizationManagerSetup", "..\AuthorizationManagerSetup\AuthorizationManagerSetup.vdproj", "{0BCFB708-BA0F-4390-8522-4724D48FE71A}"
EndProject
Global
	GlobalSection(SolutionConfigurationPlatforms) = preSolution
		Debug|Any CPU = Debug|Any CPU
		Debug|x64 = Debug|x64
		Release|Any CPU = Release|Any CPU
		Release|x64 = Release|x64
	EndGlobalSection
	GlobalSection(ProjectConfigurationPlatforms) = postSolution
		{F2562E63-3248-472C-8F22-F854156542B5}.Debug|Any CPU.ActiveCfg = Debug|Any CPU
		{F2562E63-3248-472C-8F22-F854156542B5}.Debug|Any CPU.Build.0 = Debug|Any CPU
		{F2562E63-3248-472C-8F22-F854156542B5}.Debug|x64.ActiveCfg = Debug|x64
		{F2562E63-3248-472C-8F22-F854156542B5}.Debug|x64.Build.0 = Debug|x64
		{F2562E63-3248-472C-8F22-F854156542B5}.Release|Any CPU.ActiveCfg = Release|Any CPU
		{F2562E63-3248-472C-8F22-F854156542B5}.Release|Any CPU.Build.0 = Release|Any CPU
		{F2562E63-3248-472C-8F22-F854156542B5}.Release|x64.ActiveCfg = Release|x64
		{F2562E63-3248-472C-8F22-F854156542B5}.Release|x64.Build.0 = Release|x64
		{0BCFB708-BA0F-4390-8522-4724D48FE71A}.Debug|Any CPU.ActiveCfg = Debug
		{0BCFB708-BA0F-4390-8522-4724D48FE71A}.Debug|x64.ActiveCfg = Debug
		{0BCFB708-BA0F-4390-8522-4724D48FE71A}.Release|Any CPU.ActiveCfg = Release
		{0BCFB708-BA0F-4390-8522-4724D48FE71A}.Release|x64.ActiveCfg = Release
	EndGlobalSection
	GlobalSection(SolutionProperties) = preSolution
		HideSolutionNode = FALSE
	EndGlobalSection
	GlobalSection(ExtensibilityGlobals) = postSolution
		SolutionGuid = {9B66F736-7B5D-420A-B015-981CB8E763D7}
	EndGlobalSection
EndGlobal
